
Microsoft Visual Studio Solution File, Format Version 12.00
# Visual Studio Version 16
VisualStudioVersion = 16.0.33529.622
MinimumVisualStudioVersion = 10.0.40219.1
Project("{FAE04EC0-301F-11D3-BF4B-00C04F79EFBC}") = "Laba5", "Laba5.csproj", "{F05BE443-F97A-49F6-8073-99AB9388E4EF}"
EndProject
Global
	GlobalSection(SolutionConfigurationPlatforms) = preSolution
		Debug|Any CPU = Debug|Any CPU
		Release|Any CPU = Release|Any CPU
	EndGlobalSection
	GlobalSection(ProjectConfigurationPlatforms) = postSolution
		{F05BE443-F97A-49F6-8073-99AB9388E4EF}.Debug|Any CPU.ActiveCfg = Debug|Any CPU
		{F05BE443-F97A-49F6-8073-99AB9388E4EF}.Debug|Any CPU.Build.0 = Debug|Any CPU
		{F05BE443-F97A-49F6-8073-99AB9388E4EF}.Release|Any CPU.ActiveCfg = Release|Any CPU
		{F05BE443-F97A-49F6-8073-99AB9388E4EF}.Release|Any CPU.Build.0 = Release|Any CPU
	EndGlobalSection
	GlobalSection(SolutionProperties) = preSolution
		HideSolutionNode = FALSE
	EndGlobalSection
	GlobalSection(ExtensibilityGlobals) = postSolution
		SolutionGuid = {C33C24A7-2DBA-4F8C-B910-2C12659F595F}
	EndGlobalSection
EndGlobal
